
Microsoft Visual Studio Solution File, Format Version 12.00
# Visual Studio Version 17
VisualStudioVersion = 17.11.35327.3
MinimumVisualStudioVersion = 10.0.40219.1
Project("{9A19103F-16F7-4668-BE54-9A1E7A4F7556}") = "ShopNeverFull", "ShopNeverFull.csproj", "{1BBD2DBA-5122-4BB8-B82D-84305D36489D}"
EndProject
Global
	GlobalSection(SolutionConfigurationPlatforms) = preSolution
		Debug|Any CPU = Debug|Any CPU
		Release|Any CPU = Release|Any CPU
	EndGlobalSection
	GlobalSection(ProjectConfigurationPlatforms) = postSolution
		{1BBD2DBA-5122-4BB8-B82D-84305D36489D}.Debug|Any CPU.ActiveCfg = Debug|Any CPU
		{1BBD2DBA-5122-4BB8-B82D-84305D36489D}.Debug|Any CPU.Build.0 = Debug|Any CPU
		{1BBD2DBA-5122-4BB8-B82D-84305D36489D}.Release|Any CPU.ActiveCfg = Release|Any CPU
		{1BBD2DBA-5122-4BB8-B82D-84305D36489D}.Release|Any CPU.Build.0 = Release|Any CPU
	EndGlobalSection
	GlobalSection(SolutionProperties) = preSolution
		HideSolutionNode = FALSE
	EndGlobalSection
	GlobalSection(ExtensibilityGlobals) = postSolution
		SolutionGuid = {E01BBCED-A8F6-49F2-AD9A-F379FDB9FBFB}
	EndGlobalSection
EndGlobal
